// !$*UTF8*$!
{
	archiveVersion = 1;
	classes = {
	};
	objectVersion = 46;
	objects = {

/* Begin PBXBuildFile section */
		077FC9FF2434A74700F527BE /* InputKeyboardView.swift in Sources */ = {isa = PBXBuildFile; fileRef = 077FC9FE2434A74700F527BE /* InputKeyboardView.swift */; };
		077FCA012434AFA500F527BE /* LaunchScreen.storyboard in Resources */ = {isa = PBXBuildFile; fileRef = 077FCA002434AFA500F527BE /* LaunchScreen.storyboard */; };
		4EF16F9119D254E00076AFCB /* Background.jpg in Resources */ = {isa = PBXBuildFile; fileRef = 4EF16F9019D254E00076AFCB /* Background.jpg */; };
		4EF16F9619D255030076AFCB /* Images.xcassets in Resources */ = {isa = PBXBuildFile; fileRef = 4EF16F9319D255030076AFCB /* Images.xcassets */; };
		4EF16F9819D255030076AFCB /* ViewController.swift in Sources */ = {isa = PBXBuildFile; fileRef = 4EF16F9519D255030076AFCB /* ViewController.swift */; };
		4EF16F9B19D2550D0076AFCB /* AppDelegate.swift in Sources */ = {isa = PBXBuildFile; fileRef = 4EF16F9A19D2550D0076AFCB /* AppDelegate.swift */; };
		4EF16F9F19D2552E0076AFCB /* Main.storyboard in Resources */ = {isa = PBXBuildFile; fileRef = 4EF16F9D19D2552E0076AFCB /* Main.storyboard */; };
		5A8DFA76242F38B40059B81D /* KeyboardViewController.swift in Sources */ = {isa = PBXBuildFile; fileRef = 5A8DFA75242F38B40059B81D /* KeyboardViewController.swift */; };
		5A8DFA90242F74490059B81D /* ExtraView.swift in Sources */ = {isa = PBXBuildFile; fileRef = 5A8DFA7B242F74490059B81D /* ExtraView.swift */; };
		5A8DFA91242F74490059B81D /* KeyboardKey.swift in Sources */ = {isa = PBXBuildFile; fileRef = 5A8DFA7C242F74490059B81D /* KeyboardKey.swift */; };
		5A8DFA92242F74490059B81D /* Utilities.swift in Sources */ = {isa = PBXBuildFile; fileRef = 5A8DFA7D242F74490059B81D /* Utilities.swift */; };
		5A8DFA95242F74490059B81D /* DirectionEnum.swift in Sources */ = {isa = PBXBuildFile; fileRef = 5A8DFA80242F74490059B81D /* DirectionEnum.swift */; };
		5A8DFA96242F74490059B81D /* DefaultSettings.xib in Resources */ = {isa = PBXBuildFile; fileRef = 5A8DFA81242F74490059B81D /* DefaultSettings.xib */; };
		5A8DFA97242F74490059B81D /* KeyboardConnector.swift in Sources */ = {isa = PBXBuildFile; fileRef = 5A8DFA82242F74490059B81D /* KeyboardConnector.swift */; };
		5A8DFA98242F74490059B81D /* ImageKey.swift in Sources */ = {isa = PBXBuildFile; fileRef = 5A8DFA83242F74490059B81D /* ImageKey.swift */; };
		5A8DFA99242F74490059B81D /* ForwardingView.swift in Sources */ = {isa = PBXBuildFile; fileRef = 5A8DFA84242F74490059B81D /* ForwardingView.swift */; };
		5A8DFA9A242F74490059B81D /* KeyboardKeyBackground.swift in Sources */ = {isa = PBXBuildFile; fileRef = 5A8DFA85242F74490059B81D /* KeyboardKeyBackground.swift */; };
		5A8DFA9B242F74490059B81D /* KeyboardView.swift in Sources */ = {isa = PBXBuildFile; fileRef = 5A8DFA86242F74490059B81D /* KeyboardView.swift */; };
		5A8DFA9D242F74490059B81D /* DefaultSettings.swift in Sources */ = {isa = PBXBuildFile; fileRef = 5A8DFA88242F74490059B81D /* DefaultSettings.swift */; };
		5A8DFA9E242F74490059B81D /* DefaultKeyboard.swift in Sources */ = {isa = PBXBuildFile; fileRef = 5A8DFA89242F74490059B81D /* DefaultKeyboard.swift */; };
		5A8DFAA0242F74490059B81D /* Shapes.swift in Sources */ = {isa = PBXBuildFile; fileRef = 5A8DFA8B242F74490059B81D /* Shapes.swift */; };
		5A8DFAA1242F74490059B81D /* KeyboardModel.swift in Sources */ = {isa = PBXBuildFile; fileRef = 5A8DFA8C242F74490059B81D /* KeyboardModel.swift */; };
		5A8DFAA3242F74490059B81D /* KeyboardLayout.swift in Sources */ = {isa = PBXBuildFile; fileRef = 5A8DFA8E242F74490059B81D /* KeyboardLayout.swift */; };
		5A905C8C2430C82400565F82 /* InputAssistantView.swift in Sources */ = {isa = PBXBuildFile; fileRef = 5A905C8A2430C82400565F82 /* InputAssistantView.swift */; };
		5A905C8D2430C82400565F82 /* InputAssistantCollectionView.swift in Sources */ = {isa = PBXBuildFile; fileRef = 5A905C8B2430C82400565F82 /* InputAssistantCollectionView.swift */; };
/* End PBXBuildFile section */

/* Begin PBXContainerItemProxy section */
		4E807DC219461DC700D875D1 /* PBXContainerItemProxy */ = {
			isa = PBXContainerItemProxy;
			containerPortal = 4E807D8B19461D9000D875D1 /* Project object */;
			proxyType = 1;
			remoteGlobalIDString = 4E807DB819461DC700D875D1;
			remoteInfo = Keyboard;
		};
/* End PBXContainerItemProxy section */

/* Begin PBXCopyFilesBuildPhase section */
		4E5B67C4196E07B300114361 /* Embed Frameworks */ = {
			isa = PBXCopyFilesBuildPhase;
			buildActionMask = 2147483647;
			dstPath = "";
			dstSubfolderSpec = 10;
			files = (
			);
			name = "Embed Frameworks";
			runOnlyForDeploymentPostprocessing = 0;
		};
		4E807DC719461DC700D875D1 /* Embed App Extensions */ = {
			isa = PBXCopyFilesBuildPhase;
			buildActionMask = 2147483647;
			dstPath = "";
			dstSubfolderSpec = 13;
			files = (
			);
			name = "Embed App Extensions";
			runOnlyForDeploymentPostprocessing = 0;
		};
/* End PBXCopyFilesBuildPhase section */

/* Begin PBXFileReference section */
		077FC9FE2434A74700F527BE /* InputKeyboardView.swift */ = {isa = PBXFileReference; lastKnownFileType = sourcecode.swift; path = InputKeyboardView.swift; sourceTree = "<group>"; };
		077FCA002434AFA500F527BE /* LaunchScreen.storyboard */ = {isa = PBXFileReference; lastKnownFileType = file.storyboard; path = LaunchScreen.storyboard; sourceTree = "<group>"; };
		4E807D9319461D9000D875D1 /* HostingApp.app */ = {isa = PBXFileReference; explicitFileType = wrapper.application; includeInIndex = 0; path = HostingApp.app; sourceTree = BUILT_PRODUCTS_DIR; };
		4EF16F9019D254E00076AFCB /* Background.jpg */ = {isa = PBXFileReference; lastKnownFileType = image.jpeg; path = Background.jpg; sourceTree = "<group>"; };
		4EF16F9219D254EA0076AFCB /* Info.plist */ = {isa = PBXFileReference; fileEncoding = 4; lastKnownFileType = text.plist.xml; path = Info.plist; sourceTree = "<group>"; };
		4EF16F9319D255030076AFCB /* Images.xcassets */ = {isa = PBXFileReference; lastKnownFileType = folder.assetcatalog; path = Images.xcassets; sourceTree = "<group>"; };
		4EF16F9519D255030076AFCB /* ViewController.swift */ = {isa = PBXFileReference; fileEncoding = 4; lastKnownFileType = sourcecode.swift; path = ViewController.swift; sourceTree = "<group>"; };
		4EF16F9A19D2550D0076AFCB /* AppDelegate.swift */ = {isa = PBXFileReference; fileEncoding = 4; lastKnownFileType = sourcecode.swift; path = AppDelegate.swift; sourceTree = "<group>"; };
		4EF16F9E19D2552E0076AFCB /* Base */ = {isa = PBXFileReference; lastKnownFileType = file.storyboard; name = Base; path = Main.storyboard; sourceTree = "<group>"; };
		5A8DFA75242F38B40059B81D /* KeyboardViewController.swift */ = {isa = PBXFileReference; lastKnownFileType = sourcecode.swift; path = KeyboardViewController.swift; sourceTree = "<group>"; };
		5A8DFA7B242F74490059B81D /* ExtraView.swift */ = {isa = PBXFileReference; fileEncoding = 4; lastKnownFileType = sourcecode.swift; path = ExtraView.swift; sourceTree = "<group>"; };
		5A8DFA7C242F74490059B81D /* KeyboardKey.swift */ = {isa = PBXFileReference; fileEncoding = 4; lastKnownFileType = sourcecode.swift; path = KeyboardKey.swift; sourceTree = "<group>"; };
		5A8DFA7D242F74490059B81D /* Utilities.swift */ = {isa = PBXFileReference; fileEncoding = 4; lastKnownFileType = sourcecode.swift; path = Utilities.swift; sourceTree = "<group>"; };
		5A8DFA80242F74490059B81D /* DirectionEnum.swift */ = {isa = PBXFileReference; fileEncoding = 4; lastKnownFileType = sourcecode.swift; path = DirectionEnum.swift; sourceTree = "<group>"; };
		5A8DFA81242F74490059B81D /* DefaultSettings.xib */ = {isa = PBXFileReference; fileEncoding = 4; lastKnownFileType = file.xib; path = DefaultSettings.xib; sourceTree = "<group>"; };
		5A8DFA82242F74490059B81D /* KeyboardConnector.swift */ = {isa = PBXFileReference; fileEncoding = 4; lastKnownFileType = sourcecode.swift; path = KeyboardConnector.swift; sourceTree = "<group>"; };
		5A8DFA83242F74490059B81D /* ImageKey.swift */ = {isa = PBXFileReference; fileEncoding = 4; lastKnownFileType = sourcecode.swift; path = ImageKey.swift; sourceTree = "<group>"; };
		5A8DFA84242F74490059B81D /* ForwardingView.swift */ = {isa = PBXFileReference; fileEncoding = 4; lastKnownFileType = sourcecode.swift; path = ForwardingView.swift; sourceTree = "<group>"; };
		5A8DFA85242F74490059B81D /* KeyboardKeyBackground.swift */ = {isa = PBXFileReference; fileEncoding = 4; lastKnownFileType = sourcecode.swift; path = KeyboardKeyBackground.swift; sourceTree = "<group>"; };
		5A8DFA86242F74490059B81D /* KeyboardView.swift */ = {isa = PBXFileReference; fileEncoding = 4; lastKnownFileType = sourcecode.swift; path = KeyboardView.swift; sourceTree = "<group>"; };
		5A8DFA88242F74490059B81D /* DefaultSettings.swift */ = {isa = PBXFileReference; fileEncoding = 4; lastKnownFileType = sourcecode.swift; path = DefaultSettings.swift; sourceTree = "<group>"; };
		5A8DFA89242F74490059B81D /* DefaultKeyboard.swift */ = {isa = PBXFileReference; fileEncoding = 4; lastKnownFileType = sourcecode.swift; path = DefaultKeyboard.swift; sourceTree = "<group>"; };
		5A8DFA8B242F74490059B81D /* Shapes.swift */ = {isa = PBXFileReference; fileEncoding = 4; lastKnownFileType = sourcecode.swift; path = Shapes.swift; sourceTree = "<group>"; };
		5A8DFA8C242F74490059B81D /* KeyboardModel.swift */ = {isa = PBXFileReference; fileEncoding = 4; lastKnownFileType = sourcecode.swift; path = KeyboardModel.swift; sourceTree = "<group>"; };
		5A8DFA8E242F74490059B81D /* KeyboardLayout.swift */ = {isa = PBXFileReference; fileEncoding = 4; lastKnownFileType = sourcecode.swift; path = KeyboardLayout.swift; sourceTree = "<group>"; };
		5A905C8A2430C82400565F82 /* InputAssistantView.swift */ = {isa = PBXFileReference; fileEncoding = 4; lastKnownFileType = sourcecode.swift; path = InputAssistantView.swift; sourceTree = "<group>"; };
		5A905C8B2430C82400565F82 /* InputAssistantCollectionView.swift */ = {isa = PBXFileReference; fileEncoding = 4; lastKnownFileType = sourcecode.swift; path = InputAssistantCollectionView.swift; sourceTree = "<group>"; };
/* End PBXFileReference section */

/* Begin PBXFrameworksBuildPhase section */
		4E807D9019461D9000D875D1 /* Frameworks */ = {
			isa = PBXFrameworksBuildPhase;
			buildActionMask = 2147483647;
			files = (
			);
			runOnlyForDeploymentPostprocessing = 0;
		};
/* End PBXFrameworksBuildPhase section */

/* Begin PBXGroup section */
		4E807D8A19461D9000D875D1 = {
			isa = PBXGroup;
			children = (
				4E807D9519461D9000D875D1 /* HostingApp */,
				4E807D9419461D9000D875D1 /* Products */,
			);
			sourceTree = "<group>";
		};
		4E807D9419461D9000D875D1 /* Products */ = {
			isa = PBXGroup;
			children = (
				4E807D9319461D9000D875D1 /* HostingApp.app */,
			);
			name = Products;
			sourceTree = "<group>";
		};
		4E807D9519461D9000D875D1 /* HostingApp */ = {
			isa = PBXGroup;
			children = (
				4EF16F9A19D2550D0076AFCB /* AppDelegate.swift */,
				4EF16F9519D255030076AFCB /* ViewController.swift */,
				5A8DFA75242F38B40059B81D /* KeyboardViewController.swift */,
				5A905C892430C82400565F82 /* InputAssistant */,
				5A8DFA79242F74490059B81D /* Keyboard */,
				4EF16F9D19D2552E0076AFCB /* Main.storyboard */,
				077FCA002434AFA500F527BE /* LaunchScreen.storyboard */,
				4EF16F9319D255030076AFCB /* Images.xcassets */,
				4E807D9619461D9000D875D1 /* Supporting Files */,
			);
			path = HostingApp;
			sourceTree = "<group>";
		};
		4E807D9619461D9000D875D1 /* Supporting Files */ = {
			isa = PBXGroup;
			children = (
				4EF16F9019D254E00076AFCB /* Background.jpg */,
				4EF16F9219D254EA0076AFCB /* Info.plist */,
			);
			name = "Supporting Files";
			sourceTree = "<group>";
		};
		5A8DFA79242F74490059B81D /* Keyboard */ = {
			isa = PBXGroup;
			children = (
				5A8DFA7B242F74490059B81D /* ExtraView.swift */,
				5A8DFA7C242F74490059B81D /* KeyboardKey.swift */,
				5A8DFA7D242F74490059B81D /* Utilities.swift */,
				5A8DFA80242F74490059B81D /* DirectionEnum.swift */,
				5A8DFA81242F74490059B81D /* DefaultSettings.xib */,
				5A8DFA82242F74490059B81D /* KeyboardConnector.swift */,
				5A8DFA83242F74490059B81D /* ImageKey.swift */,
				5A8DFA84242F74490059B81D /* ForwardingView.swift */,
				5A8DFA85242F74490059B81D /* KeyboardKeyBackground.swift */,
				5A8DFA86242F74490059B81D /* KeyboardView.swift */,
				077FC9FE2434A74700F527BE /* InputKeyboardView.swift */,
				5A8DFA88242F74490059B81D /* DefaultSettings.swift */,
				5A8DFA89242F74490059B81D /* DefaultKeyboard.swift */,
				5A8DFA8B242F74490059B81D /* Shapes.swift */,
				5A8DFA8C242F74490059B81D /* KeyboardModel.swift */,
				5A8DFA8E242F74490059B81D /* KeyboardLayout.swift */,
			);
			path = Keyboard;
			sourceTree = "<group>";
		};
		5A905C892430C82400565F82 /* InputAssistant */ = {
			isa = PBXGroup;
			children = (
				5A905C8A2430C82400565F82 /* InputAssistantView.swift */,
				5A905C8B2430C82400565F82 /* InputAssistantCollectionView.swift */,
			);
			path = InputAssistant;
			sourceTree = "<group>";
		};
/* End PBXGroup section */

/* Begin PBXNativeTarget section */
		4E807D9219461D9000D875D1 /* HostingApp */ = {
			isa = PBXNativeTarget;
			buildConfigurationList = 4E807DAF19461D9000D875D1 /* Build configuration list for PBXNativeTarget "HostingApp" */;
			buildPhases = (
				4E807D8F19461D9000D875D1 /* Sources */,
				4E807D9019461D9000D875D1 /* Frameworks */,
				4E807D9119461D9000D875D1 /* Resources */,
				4E807DC719461DC700D875D1 /* Embed App Extensions */,
				4E5B67C4196E07B300114361 /* Embed Frameworks */,
			);
			buildRules = (
			);
			dependencies = (
				4E807DC319461DC700D875D1 /* PBXTargetDependency */,
			);
			name = HostingApp;
			productName = TastyImitationKeyboard;
			productReference = 4E807D9319461D9000D875D1 /* HostingApp.app */;
			productType = "com.apple.product-type.application";
		};
/* End PBXNativeTarget section */

/* Begin PBXProject section */
		4E807D8B19461D9000D875D1 /* Project object */ = {
			isa = PBXProject;
			attributes = {
				LastSwiftMigration = 0710;
				LastSwiftUpdateCheck = 0710;
				LastUpgradeCheck = 0900;
				ORGANIZATIONNAME = Apple;
				TargetAttributes = {
					4E807D9219461D9000D875D1 = {
						CreatedOnToolsVersion = 6.0;
						LastSwiftMigration = 0810;
					};
				};
			};
			buildConfigurationList = 4E807D8E19461D9000D875D1 /* Build configuration list for PBXProject "TastyImitationKeyboard" */;
			compatibilityVersion = "Xcode 3.2";
			developmentRegion = English;
			hasScannedForEncodings = 0;
			knownRegions = (
				English,
				en,
				Base,
			);
			mainGroup = 4E807D8A19461D9000D875D1;
			productRefGroup = 4E807D9419461D9000D875D1 /* Products */;
			projectDirPath = "";
			projectRoot = "";
			targets = (
				4E807D9219461D9000D875D1 /* HostingApp */,
			);
		};
/* End PBXProject section */

/* Begin PBXResourcesBuildPhase section */
		4E807D9119461D9000D875D1 /* Resources */ = {
			isa = PBXResourcesBuildPhase;
			buildActionMask = 2147483647;
			files = (
				4EF16F9619D255030076AFCB /* Images.xcassets in Resources */,
				4EF16F9F19D2552E0076AFCB /* Main.storyboard in Resources */,
				4EF16F9119D254E00076AFCB /* Background.jpg in Resources */,
				077FCA012434AFA500F527BE /* LaunchScreen.storyboard in Resources */,
				5A8DFA96242F74490059B81D /* DefaultSettings.xib in Resources */,
			);
			runOnlyForDeploymentPostprocessing = 0;
		};
/* End PBXResourcesBuildPhase section */

/* Begin PBXSourcesBuildPhase section */
		4E807D8F19461D9000D875D1 /* Sources */ = {
			isa = PBXSourcesBuildPhase;
			buildActionMask = 2147483647;
			files = (
				5A8DFAA1242F74490059B81D /* KeyboardModel.swift in Sources */,
				5A8DFA92242F74490059B81D /* Utilities.swift in Sources */,
				5A8DFAA0242F74490059B81D /* Shapes.swift in Sources */,
				4EF16F9B19D2550D0076AFCB /* AppDelegate.swift in Sources */,
				5A8DFA9A242F74490059B81D /* KeyboardKeyBackground.swift in Sources */,
				5A905C8D2430C82400565F82 /* InputAssistantCollectionView.swift in Sources */,
				5A8DFA98242F74490059B81D /* ImageKey.swift in Sources */,
				5A8DFA97242F74490059B81D /* KeyboardConnector.swift in Sources */,
				5A8DFA9D242F74490059B81D /* DefaultSettings.swift in Sources */,
				5A8DFA90242F74490059B81D /* ExtraView.swift in Sources */,
				5A8DFA99242F74490059B81D /* ForwardingView.swift in Sources */,
				5A8DFA91242F74490059B81D /* KeyboardKey.swift in Sources */,
				5A8DFA9B242F74490059B81D /* KeyboardView.swift in Sources */,
				5A8DFA9E242F74490059B81D /* DefaultKeyboard.swift in Sources */,
				5A8DFA76242F38B40059B81D /* KeyboardViewController.swift in Sources */,
				5A905C8C2430C82400565F82 /* InputAssistantView.swift in Sources */,
				5A8DFAA3242F74490059B81D /* KeyboardLayout.swift in Sources */,
				4EF16F9819D255030076AFCB /* ViewController.swift in Sources */,
				077FC9FF2434A74700F527BE /* InputKeyboardView.swift in Sources */,
				5A8DFA95242F74490059B81D /* DirectionEnum.swift in Sources */,
			);
			runOnlyForDeploymentPostprocessing = 0;
		};
/* End PBXSourcesBuildPhase section */

/* Begin PBXTargetDependency section */
		4E807DC319461DC700D875D1 /* PBXTargetDependency */ = {
			isa = PBXTargetDependency;
			targetProxy = 4E807DC219461DC700D875D1 /* PBXContainerItemProxy */;
		};
/* End PBXTargetDependency section */

/* Begin PBXVariantGroup section */
		4EF16F9D19D2552E0076AFCB /* Main.storyboard */ = {
			isa = PBXVariantGroup;
			children = (
				4EF16F9E19D2552E0076AFCB /* Base */,
			);
			name = Main.storyboard;
			path = ../HostingApp/Base.lproj;
			sourceTree = "<group>";
		};
/* End PBXVariantGroup section */

/* Begin XCBuildConfiguration section */
		4E807DAD19461D9000D875D1 /* Debug */ = {
			isa = XCBuildConfiguration;
			buildSettings = {
				ALWAYS_SEARCH_USER_PATHS = NO;
				CLANG_CXX_LANGUAGE_STANDARD = "gnu++0x";
				CLANG_CXX_LIBRARY = "libc++";
				CLANG_ENABLE_MODULES = YES;
				CLANG_ENABLE_OBJC_ARC = YES;
				CLANG_WARN_BLOCK_CAPTURE_AUTORELEASING = YES;
				CLANG_WARN_BOOL_CONVERSION = YES;
				CLANG_WARN_COMMA = YES;
				CLANG_WARN_CONSTANT_CONVERSION = YES;
				CLANG_WARN_DIRECT_OBJC_ISA_USAGE = YES_ERROR;
				CLANG_WARN_EMPTY_BODY = YES;
				CLANG_WARN_ENUM_CONVERSION = YES;
				CLANG_WARN_INFINITE_RECURSION = YES;
				CLANG_WARN_INT_CONVERSION = YES;
				CLANG_WARN_NON_LITERAL_NULL_CONVERSION = YES;
				CLANG_WARN_OBJC_LITERAL_CONVERSION = YES;
				CLANG_WARN_OBJC_ROOT_CLASS = YES_ERROR;
				CLANG_WARN_RANGE_LOOP_ANALYSIS = YES;
				CLANG_WARN_STRICT_PROTOTYPES = YES;
				CLANG_WARN_SUSPICIOUS_MOVE = YES;
				CLANG_WARN_UNREACHABLE_CODE = YES;
				CLANG_WARN__DUPLICATE_METHOD_MATCH = YES;
				"CODE_SIGN_IDENTITY[sdk=iphoneos*]" = "iPhone Developer";
				COPY_PHASE_STRIP = NO;
				ENABLE_STRICT_OBJC_MSGSEND = YES;
				ENABLE_TESTABILITY = YES;
				GCC_C_LANGUAGE_STANDARD = gnu99;
				GCC_DYNAMIC_NO_PIC = NO;
				GCC_NO_COMMON_BLOCKS = YES;
				GCC_PREPROCESSOR_DEFINITIONS = (
					"DEBUG=1",
					"$(inherited)",
				);
				GCC_SYMBOLS_PRIVATE_EXTERN = NO;
				GCC_WARN_64_TO_32_BIT_CONVERSION = YES;
				GCC_WARN_ABOUT_RETURN_TYPE = YES_ERROR;
				GCC_WARN_UNDECLARED_SELECTOR = YES;
				GCC_WARN_UNINITIALIZED_AUTOS = YES_AGGRESSIVE;
				GCC_WARN_UNUSED_FUNCTION = YES;
				GCC_WARN_UNUSED_VARIABLE = YES;
				IPHONEOS_DEPLOYMENT_TARGET = 10.0;
				METAL_ENABLE_DEBUG_INFO = YES;
				ONLY_ACTIVE_ARCH = YES;
				SDKROOT = iphoneos;
				SWIFT_OPTIMIZATION_LEVEL = "-Onone";
				SWIFT_VERSION = "";
				TARGETED_DEVICE_FAMILY = "1,2";
			};
			name = Debug;
		};
		4E807DAE19461D9000D875D1 /* Release */ = {
			isa = XCBuildConfiguration;
			buildSettings = {
				ALWAYS_SEARCH_USER_PATHS = NO;
				CLANG_CXX_LANGUAGE_STANDARD = "gnu++0x";
				CLANG_CXX_LIBRARY = "libc++";
				CLANG_ENABLE_MODULES = YES;
				CLANG_ENABLE_OBJC_ARC = YES;
				CLANG_WARN_BLOCK_CAPTURE_AUTORELEASING = YES;
				CLANG_WARN_BOOL_CONVERSION = YES;
				CLANG_WARN_COMMA = YES;
				CLANG_WARN_CONSTANT_CONVERSION = YES;
				CLANG_WARN_DIRECT_OBJC_ISA_USAGE = YES_ERROR;
				CLANG_WARN_EMPTY_BODY = YES;
				CLANG_WARN_ENUM_CONVERSION = YES;
				CLANG_WARN_INFINITE_RECURSION = YES;
				CLANG_WARN_INT_CONVERSION = YES;
				CLANG_WARN_NON_LITERAL_NULL_CONVERSION = YES;
				CLANG_WARN_OBJC_LITERAL_CONVERSION = YES;
				CLANG_WARN_OBJC_ROOT_CLASS = YES_ERROR;
				CLANG_WARN_RANGE_LOOP_ANALYSIS = YES;
				CLANG_WARN_STRICT_PROTOTYPES = YES;
				CLANG_WARN_SUSPICIOUS_MOVE = YES;
				CLANG_WARN_UNREACHABLE_CODE = YES;
				CLANG_WARN__DUPLICATE_METHOD_MATCH = YES;
				"CODE_SIGN_IDENTITY[sdk=iphoneos*]" = "iPhone Developer";
				COPY_PHASE_STRIP = YES;
				ENABLE_NS_ASSERTIONS = NO;
				ENABLE_STRICT_OBJC_MSGSEND = YES;
				GCC_C_LANGUAGE_STANDARD = gnu99;
				GCC_NO_COMMON_BLOCKS = YES;
				GCC_WARN_64_TO_32_BIT_CONVERSION = YES;
				GCC_WARN_ABOUT_RETURN_TYPE = YES_ERROR;
				GCC_WARN_UNDECLARED_SELECTOR = YES;
				GCC_WARN_UNINITIALIZED_AUTOS = YES_AGGRESSIVE;
				GCC_WARN_UNUSED_FUNCTION = YES;
				GCC_WARN_UNUSED_VARIABLE = YES;
				IPHONEOS_DEPLOYMENT_TARGET = 10.0;
				METAL_ENABLE_DEBUG_INFO = NO;
				SDKROOT = iphoneos;
				SWIFT_OPTIMIZATION_LEVEL = "-Owholemodule";
				SWIFT_VERSION = "";
				TARGETED_DEVICE_FAMILY = "1,2";
				VALIDATE_PRODUCT = YES;
			};
			name = Release;
		};
		4E807DB019461D9000D875D1 /* Debug */ = {
			isa = XCBuildConfiguration;
			buildSettings = {
				ALWAYS_EMBED_SWIFT_STANDARD_LIBRARIES = YES;
				ASSETCATALOG_COMPILER_LAUNCHIMAGE_NAME = "";
				INFOPLIST_FILE = HostingApp/Info.plist;
				LD_RUNPATH_SEARCH_PATHS = "$(inherited) @executable_path/Frameworks";
				PRODUCT_BUNDLE_IDENTIFIER = "Archagon.$(PRODUCT_NAME:rfc1034identifier)";
				PRODUCT_NAME = "$(TARGET_NAME)";
				SWIFT_VERSION = 5.0;
				TARGETED_DEVICE_FAMILY = "1,2";
			};
			name = Debug;
		};
		4E807DB119461D9000D875D1 /* Release */ = {
			isa = XCBuildConfiguration;
			buildSettings = {
				ALWAYS_EMBED_SWIFT_STANDARD_LIBRARIES = YES;
				ASSETCATALOG_COMPILER_LAUNCHIMAGE_NAME = "";
				INFOPLIST_FILE = HostingApp/Info.plist;
				LD_RUNPATH_SEARCH_PATHS = "$(inherited) @executable_path/Frameworks";
				PRODUCT_BUNDLE_IDENTIFIER = "Archagon.$(PRODUCT_NAME:rfc1034identifier)";
				PRODUCT_NAME = "$(TARGET_NAME)";
				SWIFT_VERSION = 5.0;
				TARGETED_DEVICE_FAMILY = "1,2";
			};
			name = Release;
		};
/* End XCBuildConfiguration section */

/* Begin XCConfigurationList section */
		4E807D8E19461D9000D875D1 /* Build configuration list for PBXProject "TastyImitationKeyboard" */ = {
			isa = XCConfigurationList;
			buildConfigurations = (
				4E807DAD19461D9000D875D1 /* Debug */,
				4E807DAE19461D9000D875D1 /* Release */,
			);
			defaultConfigurationIsVisible = 0;
			defaultConfigurationName = Release;
		};
		4E807DAF19461D9000D875D1 /* Build configuration list for PBXNativeTarget "HostingApp" */ = {
			isa = XCConfigurationList;
			buildConfigurations = (
				4E807DB019461D9000D875D1 /* Debug */,
				4E807DB119461D9000D875D1 /* Release */,
			);
			defaultConfigurationIsVisible = 0;
			defaultConfigurationName = Release;
		};
/* End XCConfigurationList section */
	};
	rootObject = 4E807D8B19461D9000D875D1 /* Project object */;
}
